
Microsoft Visual Studio Solution File, Format Version 12.00
# Visual Studio Version 17
VisualStudioVersion = 17.0.32112.339
MinimumVisualStudioVersion = 10.0.40219.1
Project("{FAE04EC0-301F-11D3-BF4B-00C04F79EFBC}") = "leave-management", "leave-management\leave-management.csproj", "{59EC0BFC-C03C-40A8-A7EF-D938A4B9D5F8}"
EndProject
Global
	GlobalSection(SolutionConfigurationPlatforms) = preSolution
		Debug|Any CPU = Debug|Any CPU
		Release|Any CPU = Release|Any CPU
	EndGlobalSection
	GlobalSection(ProjectConfigurationPlatforms) = postSolution
		{59EC0BFC-C03C-40A8-A7EF-D938A4B9D5F8}.Debug|Any CPU.ActiveCfg = Debug|Any CPU
		{59EC0BFC-C03C-40A8-A7EF-D938A4B9D5F8}.Debug|Any CPU.Build.0 = Debug|Any CPU
		{59EC0BFC-C03C-40A8-A7EF-D938A4B9D5F8}.Release|Any CPU.ActiveCfg = Release|Any CPU
		{59EC0BFC-C03C-40A8-A7EF-D938A4B9D5F8}.Release|Any CPU.Build.0 = Release|Any CPU
	EndGlobalSection
	GlobalSection(SolutionProperties) = preSolution
		HideSolutionNode = FALSE
	EndGlobalSection
	GlobalSection(ExtensibilityGlobals) = postSolution
		SolutionGuid = {2E69CB2F-0ABE-41F0-8BF6-223548B72587}
	EndGlobalSection
EndGlobal
